
Microsoft Visual Studio Solution File, Format Version 12.00
# Visual Studio Version 16
VisualStudioVersion = 16.0.32228.343
MinimumVisualStudioVersion = 10.0.40219.1
Project("{FAE04EC0-301F-11D3-BF4B-00C04F79EFBC}") = "Task 10.5", "Task 10.5\Task 10.5.csproj", "{7E0B6E5E-2020-404A-9E7A-7DEDEDD29156}"
EndProject
Global
	GlobalSection(SolutionConfigurationPlatforms) = preSolution
		Debug|Any CPU = Debug|Any CPU
		Release|Any CPU = Release|Any CPU
	EndGlobalSection
	GlobalSection(ProjectConfigurationPlatforms) = postSolution
		{7E0B6E5E-2020-404A-9E7A-7DEDEDD29156}.Debug|Any CPU.ActiveCfg = Debug|Any CPU
		{7E0B6E5E-2020-404A-9E7A-7DEDEDD29156}.Debug|Any CPU.Build.0 = Debug|Any CPU
		{7E0B6E5E-2020-404A-9E7A-7DEDEDD29156}.Release|Any CPU.ActiveCfg = Release|Any CPU
		{7E0B6E5E-2020-404A-9E7A-7DEDEDD29156}.Release|Any CPU.Build.0 = Release|Any CPU
	EndGlobalSection
	GlobalSection(SolutionProperties) = preSolution
		HideSolutionNode = FALSE
	EndGlobalSection
	GlobalSection(ExtensibilityGlobals) = postSolution
		SolutionGuid = {86EDD80D-1AD9-47F0-82FD-095D311D48FC}
	EndGlobalSection
EndGlobal
